{
  "pins" : [
    {
      "identity" : "alamofire",
      "kind" : "remoteSourceControl",
      "location" : "https://github.com/Alamofire/Alamofire",
      "state" : {
        "revision" : "f455c2975872ccd2d9c81594c658af65716e9b9a",
        "version" : "5.9.1"
      }
    },
    {
      "identity" : "swift-api-manager",
      "kind" : "remoteSourceControl",
      "location" : "https://github.com/brainx-technologies/swift-api-manager",
      "state" : {
        "revision" : "51b18ed121b4558741137ed5233a194b4aa92d10",
        "version" : "1.0.1"
      }
    },
    {
      "identity" : "swift-dependency-injection",
      "kind" : "remoteSourceControl",
      "location" : "https://github.com/brainx-technologies/swift-dependency-injection",
      "state" : {
        "revision" : "955fdc93c4b02a20af4958822c58fad11b90b0cd",
        "version" : "1.0.1"
      }
    }
  ],
  "version" : 2
}
